
Microsoft Visual Studio Solution File, Format Version 12.00
# Visual Studio 15
VisualStudioVersion = 15.0.27130.2036
MinimumVisualStudioVersion = 10.0.40219.1
Project("{9092AA53-FB77-4645-B42D-1CCCA6BD08BD}") = "better-bastion", "better-bastion\better-bastion.njsproj", "{D2018DDD-0482-4A78-B158-6E992BD10D45}"
EndProject
Global
	GlobalSection(SolutionConfigurationPlatforms) = preSolution
		Debug|Any CPU = Debug|Any CPU
		Release|Any CPU = Release|Any CPU
	EndGlobalSection
	GlobalSection(ProjectConfigurationPlatforms) = postSolution
		{D2018DDD-0482-4A78-B158-6E992BD10D45}.Debug|Any CPU.ActiveCfg = Debug|Any CPU
		{D2018DDD-0482-4A78-B158-6E992BD10D45}.Debug|Any CPU.Build.0 = Debug|Any CPU
		{D2018DDD-0482-4A78-B158-6E992BD10D45}.Release|Any CPU.ActiveCfg = Release|Any CPU
		{D2018DDD-0482-4A78-B158-6E992BD10D45}.Release|Any CPU.Build.0 = Release|Any CPU
	EndGlobalSection
	GlobalSection(SolutionProperties) = preSolution
		HideSolutionNode = FALSE
	EndGlobalSection
	GlobalSection(ExtensibilityGlobals) = postSolution
		SolutionGuid = {DA0EDDE6-E0E2-4945-93FD-0CC1F7964D61}
	EndGlobalSection
EndGlobal
